
Microsoft Visual Studio Solution File, Format Version 11.00
# Visual Studio 2010
Project("{FAE04EC0-301F-11D3-BF4B-00C04F79EFBC}") = "Assembly-CSharp", "Assembly-CSharp.csproj", "{ecec1875-ca68-f5f8-81d4-fe07fae93ab9}"
EndProject
Global
	GlobalSection(SolutionConfigurationPlatforms) = preSolution
		Debug|Any CPU = Debug|Any CPU
		Release|Any CPU = Release|Any CPU
	EndGlobalSection
	GlobalSection(ProjectConfigurationPlatforms) = postSolution
		{ecec1875-ca68-f5f8-81d4-fe07fae93ab9}.Debug|Any CPU.ActiveCfg = Debug|Any CPU
		{ecec1875-ca68-f5f8-81d4-fe07fae93ab9}.Debug|Any CPU.Build.0 = Debug|Any CPU
		{ecec1875-ca68-f5f8-81d4-fe07fae93ab9}.Release|Any CPU.ActiveCfg = Release|Any CPU
		{ecec1875-ca68-f5f8-81d4-fe07fae93ab9}.Release|Any CPU.Build.0 = Release|Any CPU
	EndGlobalSection
	GlobalSection(SolutionProperties) = preSolution
		HideSolutionNode = FALSE
	EndGlobalSection
EndGlobal
